
Microsoft Visual Studio Solution File, Format Version 12.00
# Visual Studio Version 17
VisualStudioVersion = 17.6.33815.320
MinimumVisualStudioVersion = 10.0.40219.1
Project("{9A19103F-16F7-4668-BE54-9A1E7A4F7556}") = "Gorilla Jesus", "Gorilla Jesus.csproj", "{3AFB831E-FDDB-4648-89A0-E705537C21CE}"
EndProject
Global
	GlobalSection(SolutionConfigurationPlatforms) = preSolution
		Debug|Any CPU = Debug|Any CPU
		Release|Any CPU = Release|Any CPU
	EndGlobalSection
	GlobalSection(ProjectConfigurationPlatforms) = postSolution
		{3AFB831E-FDDB-4648-89A0-E705537C21CE}.Debug|Any CPU.ActiveCfg = Debug|Any CPU
		{3AFB831E-FDDB-4648-89A0-E705537C21CE}.Debug|Any CPU.Build.0 = Debug|Any CPU
		{3AFB831E-FDDB-4648-89A0-E705537C21CE}.Release|Any CPU.ActiveCfg = Release|Any CPU
		{3AFB831E-FDDB-4648-89A0-E705537C21CE}.Release|Any CPU.Build.0 = Release|Any CPU
	EndGlobalSection
	GlobalSection(SolutionProperties) = preSolution
		HideSolutionNode = FALSE
	EndGlobalSection
	GlobalSection(ExtensibilityGlobals) = postSolution
		SolutionGuid = {8E12FA5D-BCB9-4904-BAA0-5CEE7596BF11}
	EndGlobalSection
EndGlobal
